
Microsoft Visual Studio Solution File, Format Version 12.00
# Visual Studio Version 17
VisualStudioVersion = 17.4.33403.182
MinimumVisualStudioVersion = 10.0.40219.1
Project("{9A19103F-16F7-4668-BE54-9A1E7A4F7556}") = "Mastermind", "Mastermind.csproj", "{5AFC008E-9DFC-46E7-B303-AF4C8E32F648}"
EndProject
Global
	GlobalSection(SolutionConfigurationPlatforms) = preSolution
		Debug|Any CPU = Debug|Any CPU
		Release|Any CPU = Release|Any CPU
	EndGlobalSection
	GlobalSection(ProjectConfigurationPlatforms) = postSolution
		{5AFC008E-9DFC-46E7-B303-AF4C8E32F648}.Debug|Any CPU.ActiveCfg = Debug|Any CPU
		{5AFC008E-9DFC-46E7-B303-AF4C8E32F648}.Debug|Any CPU.Build.0 = Debug|Any CPU
		{5AFC008E-9DFC-46E7-B303-AF4C8E32F648}.Release|Any CPU.ActiveCfg = Release|Any CPU
		{5AFC008E-9DFC-46E7-B303-AF4C8E32F648}.Release|Any CPU.Build.0 = Release|Any CPU
	EndGlobalSection
	GlobalSection(SolutionProperties) = preSolution
		HideSolutionNode = FALSE
	EndGlobalSection
	GlobalSection(ExtensibilityGlobals) = postSolution
		SolutionGuid = {CB188435-17F1-40F0-A189-2D33D20A73FB}
	EndGlobalSection
EndGlobal
